
Microsoft Visual Studio Solution File, Format Version 12.00
# Visual Studio 15
VisualStudioVersion = 15.0.28307.960
MinimumVisualStudioVersion = 10.0.40219.1
Project("{FAE04EC0-301F-11D3-BF4B-00C04F79EFBC}") = "ConsoleAppMarsRover", "ConsoleAppMarsRover\ConsoleAppMarsRover.csproj", "{52F5D61B-6601-4A0B-A7F2-F8BC665C0BF3}"
EndProject
Project("{FAE04EC0-301F-11D3-BF4B-00C04F79EFBC}") = "ConsoleAppMarsRoverTests", "ConsoleAppMarsRoverTests\ConsoleAppMarsRoverTests.csproj", "{24141F9E-F529-4FC9-B408-40C79DB89666}"
EndProject
Global
	GlobalSection(SolutionConfigurationPlatforms) = preSolution
		Debug|Any CPU = Debug|Any CPU
		Release|Any CPU = Release|Any CPU
	EndGlobalSection
	GlobalSection(ProjectConfigurationPlatforms) = postSolution
		{52F5D61B-6601-4A0B-A7F2-F8BC665C0BF3}.Debug|Any CPU.ActiveCfg = Debug|Any CPU
		{52F5D61B-6601-4A0B-A7F2-F8BC665C0BF3}.Debug|Any CPU.Build.0 = Debug|Any CPU
		{52F5D61B-6601-4A0B-A7F2-F8BC665C0BF3}.Release|Any CPU.ActiveCfg = Release|Any CPU
		{52F5D61B-6601-4A0B-A7F2-F8BC665C0BF3}.Release|Any CPU.Build.0 = Release|Any CPU
		{24141F9E-F529-4FC9-B408-40C79DB89666}.Debug|Any CPU.ActiveCfg = Debug|Any CPU
		{24141F9E-F529-4FC9-B408-40C79DB89666}.Debug|Any CPU.Build.0 = Debug|Any CPU
		{24141F9E-F529-4FC9-B408-40C79DB89666}.Release|Any CPU.ActiveCfg = Release|Any CPU
		{24141F9E-F529-4FC9-B408-40C79DB89666}.Release|Any CPU.Build.0 = Release|Any CPU
	EndGlobalSection
	GlobalSection(SolutionProperties) = preSolution
		HideSolutionNode = FALSE
	EndGlobalSection
	GlobalSection(ExtensibilityGlobals) = postSolution
		SolutionGuid = {90C15FB9-9744-4581-9BE0-2B4E6694D87D}
	EndGlobalSection
EndGlobal
